
Microsoft Visual Studio Solution File, Format Version 12.00
# Visual Studio Version 17
VisualStudioVersion = 17.8.34525.116
MinimumVisualStudioVersion = 10.0.40219.1
Project("{FAE04EC0-301F-11D3-BF4B-00C04F79EFBC}") = "PALM.DeveloperTools.API", "PALM.DeveloperTools.API\PALM.DeveloperTools.API.csproj", "{237119BA-7188-44BB-ABA9-42C8BCA64EC8}"
EndProject
Project("{FAE04EC0-301F-11D3-BF4B-00C04F79EFBC}") = "PALM.DeveloperTools.Infrastructure", "PALM.DeveloperTools.Infrastructure\PALM.DeveloperTools.Infrastructure.csproj", "{4131DBE4-810F-44BE-8307-6FA2F03ACBB9}"
EndProject
Project("{FAE04EC0-301F-11D3-BF4B-00C04F79EFBC}") = "PALM.DeveloperTools.Tests", "PALM.DeveloperTools.Tests\PALM.DeveloperTools.Tests.csproj", "{EA5D9438-A453-48CE-B079-9512FB886171}"
EndProject
Global
	GlobalSection(SolutionConfigurationPlatforms) = preSolution
		Debug|Any CPU = Debug|Any CPU
		Release|Any CPU = Release|Any CPU
	EndGlobalSection
	GlobalSection(ProjectConfigurationPlatforms) = postSolution
		{237119BA-7188-44BB-ABA9-42C8BCA64EC8}.Debug|Any CPU.ActiveCfg = Debug|Any CPU
		{237119BA-7188-44BB-ABA9-42C8BCA64EC8}.Debug|Any CPU.Build.0 = Debug|Any CPU
		{237119BA-7188-44BB-ABA9-42C8BCA64EC8}.Release|Any CPU.ActiveCfg = Release|Any CPU
		{237119BA-7188-44BB-ABA9-42C8BCA64EC8}.Release|Any CPU.Build.0 = Release|Any CPU
		{4131DBE4-810F-44BE-8307-6FA2F03ACBB9}.Debug|Any CPU.ActiveCfg = Debug|Any CPU
		{4131DBE4-810F-44BE-8307-6FA2F03ACBB9}.Debug|Any CPU.Build.0 = Debug|Any CPU
		{4131DBE4-810F-44BE-8307-6FA2F03ACBB9}.Release|Any CPU.ActiveCfg = Release|Any CPU
		{4131DBE4-810F-44BE-8307-6FA2F03ACBB9}.Release|Any CPU.Build.0 = Release|Any CPU
		{EA5D9438-A453-48CE-B079-9512FB886171}.Debug|Any CPU.ActiveCfg = Debug|Any CPU
		{EA5D9438-A453-48CE-B079-9512FB886171}.Debug|Any CPU.Build.0 = Debug|Any CPU
		{EA5D9438-A453-48CE-B079-9512FB886171}.Release|Any CPU.ActiveCfg = Release|Any CPU
		{EA5D9438-A453-48CE-B079-9512FB886171}.Release|Any CPU.Build.0 = Release|Any CPU
	EndGlobalSection
	GlobalSection(SolutionProperties) = preSolution
		HideSolutionNode = FALSE
	EndGlobalSection
	GlobalSection(ExtensibilityGlobals) = postSolution
		SolutionGuid = {16FE043E-3066-43B0-9EB5-52EBCAC621D0}
	EndGlobalSection
EndGlobal
