
Microsoft Visual Studio Solution File, Format Version 12.00
# Visual Studio Version 17
VisualStudioVersion = 17.8.34525.116
MinimumVisualStudioVersion = 10.0.40219.1
Project("{9A19103F-16F7-4668-BE54-9A1E7A4F7556}") = "PALM.BatchInterfaceTools.API", "PALM.BatchInterfaceTools.API\PALM.BatchInterfaceTools.API.csproj", "{EE84224D-A5AB-4A7F-93D2-185917FA0CF1}"
	ProjectSection(ProjectDependencies) = postProject
		{A6EE6B23-1EA7-45FD-9ECD-54914C4F026E} = {A6EE6B23-1EA7-45FD-9ECD-54914C4F026E}
	EndProjectSection
EndProject
Project("{9A19103F-16F7-4668-BE54-9A1E7A4F7556}") = "PALM.BatchInterfaceTools.API.Infrastructure", "PALM.BatchInterfaceTools.API.Infrastructure\PALM.BatchInterfaceTools.API.Infrastructure.csproj", "{A6EE6B23-1EA7-45FD-9ECD-54914C4F026E}"
EndProject
Project("{9A19103F-16F7-4668-BE54-9A1E7A4F7556}") = "PALM.BatchInterfaceTools.API.Tests", "PALM.BatchInterfaceTools.API.Tests\PALM.BatchInterfaceTools.API.Tests.csproj", "{EF6A9F18-8D87-4EB0-8A8B-1A6657560F94}"
EndProject
Global
	GlobalSection(SolutionConfigurationPlatforms) = preSolution
		Debug|Any CPU = Debug|Any CPU
		Release|Any CPU = Release|Any CPU
	EndGlobalSection
	GlobalSection(ProjectConfigurationPlatforms) = postSolution
		{EE84224D-A5AB-4A7F-93D2-185917FA0CF1}.Debug|Any CPU.ActiveCfg = Debug|Any CPU
		{EE84224D-A5AB-4A7F-93D2-185917FA0CF1}.Debug|Any CPU.Build.0 = Debug|Any CPU
		{EE84224D-A5AB-4A7F-93D2-185917FA0CF1}.Release|Any CPU.ActiveCfg = Release|Any CPU
		{EE84224D-A5AB-4A7F-93D2-185917FA0CF1}.Release|Any CPU.Build.0 = Release|Any CPU
		{A6EE6B23-1EA7-45FD-9ECD-54914C4F026E}.Debug|Any CPU.ActiveCfg = Debug|Any CPU
		{A6EE6B23-1EA7-45FD-9ECD-54914C4F026E}.Debug|Any CPU.Build.0 = Debug|Any CPU
		{A6EE6B23-1EA7-45FD-9ECD-54914C4F026E}.Release|Any CPU.ActiveCfg = Release|Any CPU
		{A6EE6B23-1EA7-45FD-9ECD-54914C4F026E}.Release|Any CPU.Build.0 = Release|Any CPU
		{EF6A9F18-8D87-4EB0-8A8B-1A6657560F94}.Debug|Any CPU.ActiveCfg = Debug|Any CPU
		{EF6A9F18-8D87-4EB0-8A8B-1A6657560F94}.Debug|Any CPU.Build.0 = Debug|Any CPU
		{EF6A9F18-8D87-4EB0-8A8B-1A6657560F94}.Release|Any CPU.ActiveCfg = Release|Any CPU
		{EF6A9F18-8D87-4EB0-8A8B-1A6657560F94}.Release|Any CPU.Build.0 = Release|Any CPU
	EndGlobalSection
	GlobalSection(SolutionProperties) = preSolution
		HideSolutionNode = FALSE
	EndGlobalSection
	GlobalSection(ExtensibilityGlobals) = postSolution
		SolutionGuid = {16FE043E-3066-43B0-9EB5-52EBCAC621D0}
	EndGlobalSection
EndGlobal
